// !$*UTF8*$!
{
	archiveVersion = 1;
	classes = {
	};
	objectVersion = 46;
	objects = {

/* Begin PBXBuildFile section */
		C1F416D41AA71D4500653666 /* main.m in Sources */ = {isa = PBXBuildFile; fileRef = C1F416D31AA71D4500653666 /* main.m */; };
		C1F416D71AA71D4500653666 /* AppDelegate.m in Sources */ = {isa = PBXBuildFile; fileRef = C1F416D61AA71D4500653666 /* AppDelegate.m */; };
		C1F416DA1AA71D4500653666 /* ViewController.m in Sources */ = {isa = PBXBuildFile; fileRef = C1F416D91AA71D4500653666 /* ViewController.m */; };
		C1F416DD1AA71D4500653666 /* Main.storyboard in Resources */ = {isa = PBXBuildFile; fileRef = C1F416DB1AA71D4500653666 /* Main.storyboard */; };
		C1F416DF1AA71D4500653666 /* Images.xcassets in Resources */ = {isa = PBXBuildFile; fileRef = C1F416DE1AA71D4500653666 /* Images.xcassets */; };
		C1F416E21AA71D4500653666 /* LaunchScreen.xib in Resources */ = {isa = PBXBuildFile; fileRef = C1F416E01AA71D4500653666 /* LaunchScreen.xib */; };
		C1F416EE1AA71D4500653666 /* Passing_A_Picture_Forward__User_Data_Challenge_Tests.m in Sources */ = {isa = PBXBuildFile; fileRef = C1F416ED1AA71D4500653666 /* Passing_A_Picture_Forward__User_Data_Challenge_Tests.m */; };
/* End PBXBuildFile section */

/* Begin PBXContainerItemProxy section */
		C1F416E81AA71D4500653666 /* PBXContainerItemProxy */ = {
			isa = PBXContainerItemProxy;
			containerPortal = C1F416C61AA71D4500653666 /* Project object */;
			proxyType = 1;
			remoteGlobalIDString = C1F416CD1AA71D4500653666;
			remoteInfo = "Passing A Picture Forward (User Data Challenge)";
		};
/* End PBXContainerItemProxy section */

/* Begin PBXFileReference section */
		C1F416CE1AA71D4500653666 /* Passing A Picture Forward (User Data Challenge).app */ = {isa = PBXFileReference; explicitFileType = wrapper.application; includeInIndex = 0; path = "Passing A Picture Forward (User Data Challenge).app"; sourceTree = BUILT_PRODUCTS_DIR; };
		C1F416D21AA71D4500653666 /* Info.plist */ = {isa = PBXFileReference; lastKnownFileType = text.plist.xml; path = Info.plist; sourceTree = "<group>"; };
		C1F416D31AA71D4500653666 /* main.m */ = {isa = PBXFileReference; lastKnownFileType = sourcecode.c.objc; path = main.m; sourceTree = "<group>"; };
		C1F416D51AA71D4500653666 /* AppDelegate.h */ = {isa = PBXFileReference; lastKnownFileType = sourcecode.c.h; path = AppDelegate.h; sourceTree = "<group>"; };
		C1F416D61AA71D4500653666 /* AppDelegate.m */ = {isa = PBXFileReference; lastKnownFileType = sourcecode.c.objc; path = AppDelegate.m; sourceTree = "<group>"; };
		C1F416D81AA71D4500653666 /* ViewController.h */ = {isa = PBXFileReference; lastKnownFileType = sourcecode.c.h; path = ViewController.h; sourceTree = "<group>"; };
		C1F416D91AA71D4500653666 /* ViewController.m */ = {isa = PBXFileReference; lastKnownFileType = sourcecode.c.objc; path = ViewController.m; sourceTree = "<group>"; };
		C1F416DC1AA71D4500653666 /* Base */ = {isa = PBXFileReference; lastKnownFileType = file.storyboard; name = Base; path = Base.lproj/Main.storyboard; sourceTree = "<group>"; };
		C1F416DE1AA71D4500653666 /* Images.xcassets */ = {isa = PBXFileReference; lastKnownFileType = folder.assetcatalog; path = Images.xcassets; sourceTree = "<group>"; };
		C1F416E11AA71D4500653666 /* Base */ = {isa = PBXFileReference; lastKnownFileType = file.xib; name = Base; path = Base.lproj/LaunchScreen.xib; sourceTree = "<group>"; };
		C1F416E71AA71D4500653666 /* Passing A Picture Forward (User Data Challenge)Tests.xctest */ = {isa = PBXFileReference; explicitFileType = wrapper.cfbundle; includeInIndex = 0; path = "Passing A Picture Forward (User Data Challenge)Tests.xctest"; sourceTree = BUILT_PRODUCTS_DIR; };
		C1F416EC1AA71D4500653666 /* Info.plist */ = {isa = PBXFileReference; lastKnownFileType = text.plist.xml; path = Info.plist; sourceTree = "<group>"; };
		C1F416ED1AA71D4500653666 /* Passing_A_Picture_Forward__User_Data_Challenge_Tests.m */ = {isa = PBXFileReference; lastKnownFileType = sourcecode.c.objc; path = Passing_A_Picture_Forward__User_Data_Challenge_Tests.m; sourceTree = "<group>"; };
/* End PBXFileReference section */

/* Begin PBXFrameworksBuildPhase section */
		C1F416CB1AA71D4500653666 /* Frameworks */ = {
			isa = PBXFrameworksBuildPhase;
			buildActionMask = 2147483647;
			files = (
			);
			runOnlyForDeploymentPostprocessing = 0;
		};
		C1F416E41AA71D4500653666 /* Frameworks */ = {
			isa = PBXFrameworksBuildPhase;
			buildActionMask = 2147483647;
			files = (
			);
			runOnlyForDeploymentPostprocessing = 0;
		};
/* End PBXFrameworksBuildPhase section */

/* Begin PBXGroup section */
		C1F416C51AA71D4500653666 = {
			isa = PBXGroup;
			children = (
				C1F416D01AA71D4500653666 /* Passing A Picture Forward (User Data Challenge) */,
				C1F416EA1AA71D4500653666 /* Passing A Picture Forward (User Data Challenge)Tests */,
				C1F416CF1AA71D4500653666 /* Products */,
			);
			sourceTree = "<group>";
		};
		C1F416CF1AA71D4500653666 /* Products */ = {
			isa = PBXGroup;
			children = (
				C1F416CE1AA71D4500653666 /* Passing A Picture Forward (User Data Challenge).app */,
				C1F416E71AA71D4500653666 /* Passing A Picture Forward (User Data Challenge)Tests.xctest */,
			);
			name = Products;
			sourceTree = "<group>";
		};
		C1F416D01AA71D4500653666 /* Passing A Picture Forward (User Data Challenge) */ = {
			isa = PBXGroup;
			children = (
				C1F416D51AA71D4500653666 /* AppDelegate.h */,
				C1F416D61AA71D4500653666 /* AppDelegate.m */,
				C1F416D81AA71D4500653666 /* ViewController.h */,
				C1F416D91AA71D4500653666 /* ViewController.m */,
				C1F416DB1AA71D4500653666 /* Main.storyboard */,
				C1F416DE1AA71D4500653666 /* Images.xcassets */,
				C1F416E01AA71D4500653666 /* LaunchScreen.xib */,
				C1F416D11AA71D4500653666 /* Supporting Files */,
			);
			path = "Passing A Picture Forward (User Data Challenge)";
			sourceTree = "<group>";
		};
		C1F416D11AA71D4500653666 /* Supporting Files */ = {
			isa = PBXGroup;
			children = (
				C1F416D21AA71D4500653666 /* Info.plist */,
				C1F416D31AA71D4500653666 /* main.m */,
			);
			name = "Supporting Files";
			sourceTree = "<group>";
		};
		C1F416EA1AA71D4500653666 /* Passing A Picture Forward (User Data Challenge)Tests */ = {
			isa = PBXGroup;
			children = (
				C1F416ED1AA71D4500653666 /* Passing_A_Picture_Forward__User_Data_Challenge_Tests.m */,
				C1F416EB1AA71D4500653666 /* Supporting Files */,
			);
			path = "Passing A Picture Forward (User Data Challenge)Tests";
			sourceTree = "<group>";
		};
		C1F416EB1AA71D4500653666 /* Supporting Files */ = {
			isa = PBXGroup;
			children = (
				C1F416EC1AA71D4500653666 /* Info.plist */,
			);
			name = "Supporting Files";
			sourceTree = "<group>";
		};
/* End PBXGroup section */

/* Begin PBXNativeTarget section */
		C1F416CD1AA71D4500653666 /* Passing A Picture Forward (User Data Challenge) */ = {
			isa = PBXNativeTarget;
			buildConfigurationList = C1F416F11AA71D4500653666 /* Build configuration list for PBXNativeTarget "Passing A Picture Forward (User Data Challenge)" */;
			buildPhases = (
				C1F416CA1AA71D4500653666 /* Sources */,
				C1F416CB1AA71D4500653666 /* Frameworks */,
				C1F416CC1AA71D4500653666 /* Resources */,
			);
			buildRules = (
			);
			dependencies = (
			);
			name = "Passing A Picture Forward (User Data Challenge)";
			productName = "Passing A Picture Forward (User Data Challenge)";
			productReference = C1F416CE1AA71D4500653666 /* Passing A Picture Forward (User Data Challenge).app */;
			productType = "com.apple.product-type.application";
		};
		C1F416E61AA71D4500653666 /* Passing A Picture Forward (User Data Challenge)Tests */ = {
			isa = PBXNativeTarget;
			buildConfigurationList = C1F416F41AA71D4500653666 /* Build configuration list for PBXNativeTarget "Passing A Picture Forward (User Data Challenge)Tests" */;
			buildPhases = (
				C1F416E31AA71D4500653666 /* Sources */,
				C1F416E41AA71D4500653666 /* Frameworks */,
				C1F416E51AA71D4500653666 /* Resources */,
			);
			buildRules = (
			);
			dependencies = (
				C1F416E91AA71D4500653666 /* PBXTargetDependency */,
			);
			name = "Passing A Picture Forward (User Data Challenge)Tests";
			productName = "Passing A Picture Forward (User Data Challenge)Tests";
			productReference = C1F416E71AA71D4500653666 /* Passing A Picture Forward (User Data Challenge)Tests.xctest */;
			productType = "com.apple.product-type.bundle.unit-test";
		};
/* End PBXNativeTarget section */

/* Begin PBXProject section */
		C1F416C61AA71D4500653666 /* Project object */ = {
			isa = PBXProject;
			attributes = {
				LastUpgradeCheck = 0610;
				ORGANIZATIONNAME = "Neil Houselander";
				TargetAttributes = {
					C1F416CD1AA71D4500653666 = {
						CreatedOnToolsVersion = 6.1.1;
					};
					C1F416E61AA71D4500653666 = {
						CreatedOnToolsVersion = 6.1.1;
						TestTargetID = C1F416CD1AA71D4500653666;
					};
				};
			};
			buildConfigurationList = C1F416C91AA71D4500653666 /* Build configuration list for PBXProject "Passing A Picture Forward (User Data Challenge)" */;
			compatibilityVersion = "Xcode 3.2";
			developmentRegion = English;
			hasScannedForEncodings = 0;
			knownRegions = (
				en,
				Base,
			);
			mainGroup = C1F416C51AA71D4500653666;
			productRefGroup = C1F416CF1AA71D4500653666 /* Products */;
			projectDirPath = "";
			projectRoot = "";
			targets = (
				C1F416CD1AA71D4500653666 /* Passing A Picture Forward (User Data Challenge) */,
				C1F416E61AA71D4500653666 /* Passing A Picture Forward (User Data Challenge)Tests */,
			);
		};
/* End PBXProject section */

/* Begin PBXResourcesBuildPhase section */
		C1F416CC1AA71D4500653666 /* Resources */ = {
			isa = PBXResourcesBuildPhase;
			buildActionMask = 2147483647;
			files = (
				C1F416DD1AA71D4500653666 /* Main.storyboard in Resources */,
				C1F416E21AA71D4500653666 /* LaunchScreen.xib in Resources */,
				C1F416DF1AA71D4500653666 /* Images.xcassets in Resources */,
			);
			runOnlyForDeploymentPostprocessing = 0;
		};
		C1F416E51AA71D4500653666 /* Resources */ = {
			isa = PBXResourcesBuildPhase;
			buildActionMask = 2147483647;
			files = (
			);
			runOnlyForDeploymentPostprocessing = 0;
		};
/* End PBXResourcesBuildPhase section */

/* Begin PBXSourcesBuildPhase section */
		C1F416CA1AA71D4500653666 /* Sources */ = {
			isa = PBXSourcesBuildPhase;
			buildActionMask = 2147483647;
			files = (
				C1F416DA1AA71D4500653666 /* ViewController.m in Sources */,
				C1F416D71AA71D4500653666 /* AppDelegate.m in Sources */,
				C1F416D41AA71D4500653666 /* main.m in Sources */,
			);
			runOnlyForDeploymentPostprocessing = 0;
		};
		C1F416E31AA71D4500653666 /* Sources */ = {
			isa = PBXSourcesBuildPhase;
			buildActionMask = 2147483647;
			files = (
				C1F416EE1AA71D4500653666 /* Passing_A_Picture_Forward__User_Data_Challenge_Tests.m in Sources */,
			);
			runOnlyForDeploymentPostprocessing = 0;
		};
/* End PBXSourcesBuildPhase section */

/* Begin PBXTargetDependency section */
		C1F416E91AA71D4500653666 /* PBXTargetDependency */ = {
			isa = PBXTargetDependency;
			target = C1F416CD1AA71D4500653666 /* Passing A Picture Forward (User Data Challenge) */;
			targetProxy = C1F416E81AA71D4500653666 /* PBXContainerItemProxy */;
		};
/* End PBXTargetDependency section */

/* Begin PBXVariantGroup section */
		C1F416DB1AA71D4500653666 /* Main.storyboard */ = {
			isa = PBXVariantGroup;
			children = (
				C1F416DC1AA71D4500653666 /* Base */,
			);
			name = Main.storyboard;
			sourceTree = "<group>";
		};
		C1F416E01AA71D4500653666 /* LaunchScreen.xib */ = {
			isa = PBXVariantGroup;
			children = (
				C1F416E11AA71D4500653666 /* Base */,
			);
			name = LaunchScreen.xib;
			sourceTree = "<group>";
		};
/* End PBXVariantGroup section */

/* Begin XCBuildConfiguration section */
		C1F416EF1AA71D4500653666 /* Debug */ = {
			isa = XCBuildConfiguration;
			buildSettings = {
				ALWAYS_SEARCH_USER_PATHS = NO;
				CLANG_CXX_LANGUAGE_STANDARD = "gnu++0x";
				CLANG_CXX_LIBRARY = "libc++";
				CLANG_ENABLE_MODULES = YES;
				CLANG_ENABLE_OBJC_ARC = YES;
				CLANG_WARN_BOOL_CONVERSION = YES;
				CLANG_WARN_CONSTANT_CONVERSION = YES;
				CLANG_WARN_DIRECT_OBJC_ISA_USAGE = YES_ERROR;
				CLANG_WARN_EMPTY_BODY = YES;
				CLANG_WARN_ENUM_CONVERSION = YES;
				CLANG_WARN_INT_CONVERSION = YES;
				CLANG_WARN_OBJC_ROOT_CLASS = YES_ERROR;
				CLANG_WARN_UNREACHABLE_CODE = YES;
				CLANG_WARN__DUPLICATE_METHOD_MATCH = YES;
				"CODE_SIGN_IDENTITY[sdk=iphoneos*]" = "iPhone Developer";
				COPY_PHASE_STRIP = NO;
				ENABLE_STRICT_OBJC_MSGSEND = YES;
				GCC_C_LANGUAGE_STANDARD = gnu99;
				GCC_DYNAMIC_NO_PIC = NO;
				GCC_OPTIMIZATION_LEVEL = 0;
				GCC_PREPROCESSOR_DEFINITIONS = (
					"DEBUG=1",
					"$(inherited)",
				);
				GCC_SYMBOLS_PRIVATE_EXTERN = NO;
				GCC_WARN_64_TO_32_BIT_CONVERSION = YES;
				GCC_WARN_ABOUT_RETURN_TYPE = YES_ERROR;
				GCC_WARN_UNDECLARED_SELECTOR = YES;
				GCC_WARN_UNINITIALIZED_AUTOS = YES_AGGRESSIVE;
				GCC_WARN_UNUSED_FUNCTION = YES;
				GCC_WARN_UNUSED_VARIABLE = YES;
				IPHONEOS_DEPLOYMENT_TARGET = 8.1;
				MTL_ENABLE_DEBUG_INFO = YES;
				ONLY_ACTIVE_ARCH = YES;
				SDKROOT = iphoneos;
			};
			name = Debug;
		};
		C1F416F01AA71D4500653666 /* Release */ = {
			isa = XCBuildConfiguration;
			buildSettings = {
				ALWAYS_SEARCH_USER_PATHS = NO;
				CLANG_CXX_LANGUAGE_STANDARD = "gnu++0x";
				CLANG_CXX_LIBRARY = "libc++";
				CLANG_ENABLE_MODULES = YES;
				CLANG_ENABLE_OBJC_ARC = YES;
				CLANG_WARN_BOOL_CONVERSION = YES;
				CLANG_WARN_CONSTANT_CONVERSION = YES;
				CLANG_WARN_DIRECT_OBJC_ISA_USAGE = YES_ERROR;
				CLANG_WARN_EMPTY_BODY = YES;
				CLANG_WARN_ENUM_CONVERSION = YES;
				CLANG_WARN_INT_CONVERSION = YES;
				CLANG_WARN_OBJC_ROOT_CLASS = YES_ERROR;
				CLANG_WARN_UNREACHABLE_CODE = YES;
				CLANG_WARN__DUPLICATE_METHOD_MATCH = YES;
				"CODE_SIGN_IDENTITY[sdk=iphoneos*]" = "iPhone Developer";
				COPY_PHASE_STRIP = YES;
				ENABLE_NS_ASSERTIONS = NO;
				ENABLE_STRICT_OBJC_MSGSEND = YES;
				GCC_C_LANGUAGE_STANDARD = gnu99;
				GCC_WARN_64_TO_32_BIT_CONVERSION = YES;
				GCC_WARN_ABOUT_RETURN_TYPE = YES_ERROR;
				GCC_WARN_UNDECLARED_SELECTOR = YES;
				GCC_WARN_UNINITIALIZED_AUTOS = YES_AGGRESSIVE;
				GCC_WARN_UNUSED_FUNCTION = YES;
				GCC_WARN_UNUSED_VARIABLE = YES;
				IPHONEOS_DEPLOYMENT_TARGET = 8.1;
				MTL_ENABLE_DEBUG_INFO = NO;
				SDKROOT = iphoneos;
				VALIDATE_PRODUCT = YES;
			};
			name = Release;
		};
		C1F416F21AA71D4500653666 /* Debug */ = {
			isa = XCBuildConfiguration;
			buildSettings = {
				ASSETCATALOG_COMPILER_APPICON_NAME = AppIcon;
				INFOPLIST_FILE = "Passing A Picture Forward (User Data Challenge)/Info.plist";
				LD_RUNPATH_SEARCH_PATHS = "$(inherited) @executable_path/Frameworks";
				PRODUCT_NAME = "$(TARGET_NAME)";
			};
			name = Debug;
		};
		C1F416F31AA71D4500653666 /* Release */ = {
			isa = XCBuildConfiguration;
			buildSettings = {
				ASSETCATALOG_COMPILER_APPICON_NAME = AppIcon;
				INFOPLIST_FILE = "Passing A Picture Forward (User Data Challenge)/Info.plist";
				LD_RUNPATH_SEARCH_PATHS = "$(inherited) @executable_path/Frameworks";
				PRODUCT_NAME = "$(TARGET_NAME)";
			};
			name = Release;
		};
		C1F416F51AA71D4500653666 /* Debug */ = {
			isa = XCBuildConfiguration;
			buildSettings = {
				BUNDLE_LOADER = "$(TEST_HOST)";
				FRAMEWORK_SEARCH_PATHS = (
					"$(SDKROOT)/Developer/Library/Frameworks",
					"$(inherited)",
				);
				GCC_PREPROCESSOR_DEFINITIONS = (
					"DEBUG=1",
					"$(inherited)",
				);
				INFOPLIST_FILE = "Passing A Picture Forward (User Data Challenge)Tests/Info.plist";
				LD_RUNPATH_SEARCH_PATHS = "$(inherited) @executable_path/Frameworks @loader_path/Frameworks";
				PRODUCT_NAME = "$(TARGET_NAME)";
				TEST_HOST = "$(BUILT_PRODUCTS_DIR)/Passing A Picture Forward (User Data Challenge).app/Passing A Picture Forward (User Data Challenge)";
			};
			name = Debug;
		};
		C1F416F61AA71D4500653666 /* Release */ = {
			isa = XCBuildConfiguration;
			buildSettings = {
				BUNDLE_LOADER = "$(TEST_HOST)";
				FRAMEWORK_SEARCH_PATHS = (
					"$(SDKROOT)/Developer/Library/Frameworks",
					"$(inherited)",
				);
				INFOPLIST_FILE = "Passing A Picture Forward (User Data Challenge)Tests/Info.plist";
				LD_RUNPATH_SEARCH_PATHS = "$(inherited) @executable_path/Frameworks @loader_path/Frameworks";
				PRODUCT_NAME = "$(TARGET_NAME)";
				TEST_HOST = "$(BUILT_PRODUCTS_DIR)/Passing A Picture Forward (User Data Challenge).app/Passing A Picture Forward (User Data Challenge)";
			};
			name = Release;
		};
/* End XCBuildConfiguration section */

/* Begin XCConfigurationList section */
		C1F416C91AA71D4500653666 /* Build configuration list for PBXProject "Passing A Picture Forward (User Data Challenge)" */ = {
			isa = XCConfigurationList;
			buildConfigurations = (
				C1F416EF1AA71D4500653666 /* Debug */,
				C1F416F01AA71D4500653666 /* Release */,
			);
			defaultConfigurationIsVisible = 0;
			defaultConfigurationName = Release;
		};
		C1F416F11AA71D4500653666 /* Build configuration list for PBXNativeTarget "Passing A Picture Forward (User Data Challenge)" */ = {
			isa = XCConfigurationList;
			buildConfigurations = (
				C1F416F21AA71D4500653666 /* Debug */,
				C1F416F31AA71D4500653666 /* Release */,
			);
			defaultConfigurationIsVisible = 0;
		};
		C1F416F41AA71D4500653666 /* Build configuration list for PBXNativeTarget "Passing A Picture Forward (User Data Challenge)Tests" */ = {
			isa = XCConfigurationList;
			buildConfigurations = (
				C1F416F51AA71D4500653666 /* Debug */,
				C1F416F61AA71D4500653666 /* Release */,
			);
			defaultConfigurationIsVisible = 0;
		};
/* End XCConfigurationList section */
	};
	rootObject = C1F416C61AA71D4500653666 /* Project object */;
}
